{
    "name": "@crypric-css/plugin-value-ratio",
    "version": "0.0.0",
    "lockfileVersion": 1,
    "requires": true,
    "dependencies": {
        "@w11r/use-breakpoint": {
            "version": "1.2.0",
            "resolved": "https://registry.npmjs.org/@w11r/use-breakpoint/-/use-breakpoint-1.2.0.tgz",
            "integrity": "sha512-0OvfEGOBQ7K1scriyPa65djsqH4B/Xb9kS+Mm6ioZ1X7O2EZj2tH3oZC2Z/nWI/8YWLRZGRDiORpztWXj/E2hQ=="
        }
    }
}
