{
    "name": "@cryptic-css/babel-plugin-styled",
    "version": "3.10.2",
    "lockfileVersion": 1,
    "requires": true,
    "dependencies": {
        "@babel/code-frame": {
            "version": "7.10.1",
            "resolved": "https://registry.npmjs.org/@babel/code-frame/-/code-frame-7.10.1.tgz",
            "integrity": "sha512-IGhtTmpjGbYzcEDOw7DcQtbQSXcG9ftmAXtWTu9V936vDye4xjjekktFAtgZsWpzTj/X01jocB46mTywm/4SZw==",
            "requires": {
                "@babel/highlight": "^7.10.1"
            }
        },
        "@babel/helper-validator-identifier": {
            "version": "7.10.1",
            "resolved": "https://registry.npmjs.org/@babel/helper-validator-identifier/-/helper-validator-identifier-7.10.1.tgz",
            "integrity": "sha512-5vW/JXLALhczRCWP0PnFDMCJAchlBvM7f4uk/jXritBnIa6E1KmqmtrS3yn1LAnxFBypQ3eneLuXjsnfQsgILw=="
        },
        "@babel/highlight": {
            "version": "7.10.1",
            "resolved": "https://registry.npmjs.org/@babel/highlight/-/highlight-7.10.1.tgz",
            "integrity": "sha512-8rMof+gVP8mxYZApLF/JgNDAkdKa+aJt3ZYxF8z6+j/hpeXL7iMsKCPHa2jNMHu/qqBwzQF4OHNoYi8dMA/rYg==",
            "requires": {
                "@babel/helper-validator-identifier": "^7.10.1",
                "chalk": "^2.0.0",
                "js-tokens": "^4.0.0"
            },
            "dependencies": {
                "ansi-styles": {
                    "version": "3.2.1",
                    "resolved": "https://registry.npmjs.org/ansi-styles/-/ansi-styles-3.2.1.tgz",
                    "integrity": "sha512-VT0ZI6kZRdTh8YyJw3SMbYm/u+NqfsAxEpWO0Pf9sq8/e94WxxOpPKx9FR1FlyCtOVDNOQ+8ntlqFxiRc+r5qA==",
                    "requires": {
                        "color-convert": "^1.9.0"
                    }
                },
                "chalk": {
                    "version": "2.4.2",
                    "resolved": "https://registry.npmjs.org/chalk/-/chalk-2.4.2.tgz",
                    "integrity": "sha512-Mti+f9lpJNcwF4tWV8/OrTTtF1gZi+f8FqlyAdouralcFWFQWF2+NgCHShjkCb+IFBLq9buZwE1xckQU4peSuQ==",
                    "requires": {
                        "ansi-styles": "^3.2.1",
                        "escape-string-regexp": "^1.0.5",
                        "supports-color": "^5.3.0"
                    }
                },
                "supports-color": {
                    "version": "5.5.0",
                    "resolved": "https://registry.npmjs.org/supports-color/-/supports-color-5.5.0.tgz",
                    "integrity": "sha512-QjVjwdXIt408MIiAqCX4oUKsgU2EqAGzs2Ppkm4aQYbjm+ZEWEcW4SfFNTr4uMNZma0ey4f5lgLrkB0aX0QMow==",
                    "requires": {
                        "has-flag": "^3.0.0"
                    }
                }
            }
        },
        "@babel/parser": {
            "version": "7.10.2",
            "resolved": "https://registry.npmjs.org/@babel/parser/-/parser-7.10.2.tgz",
            "integrity": "sha512-PApSXlNMJyB4JiGVhCOlzKIif+TKFTvu0aQAhnTvfP/z3vVSN6ZypH5bfUNwFXXjRQtUEBNFd2PtmCmG2Py3qQ=="
        },
        "@babel/template": {
            "version": "7.10.1",
            "resolved": "https://registry.npmjs.org/@babel/template/-/template-7.10.1.tgz",
            "integrity": "sha512-OQDg6SqvFSsc9A0ej6SKINWrpJiNonRIniYondK2ViKhB06i3c0s+76XUft71iqBEe9S1OKsHwPAjfHnuvnCig==",
            "requires": {
                "@babel/code-frame": "^7.10.1",
                "@babel/parser": "^7.10.1",
                "@babel/types": "^7.10.1"
            }
        },
        "@babel/types": {
            "version": "7.10.2",
            "resolved": "https://registry.npmjs.org/@babel/types/-/types-7.10.2.tgz",
            "integrity": "sha512-AD3AwWBSz0AWF0AkCN9VPiWrvldXq+/e3cHa4J89vo4ymjz1XwrBFFVZmkJTsQIPNk+ZVomPSXUJqq8yyjZsng==",
            "requires": {
                "@babel/helper-validator-identifier": "^7.10.1",
                "lodash": "^4.17.13",
                "to-fast-properties": "^2.0.0"
            }
        },
        "@cryptic-css/core": {
            "version": "3.10.1",
            "resolved": "https://registry.npmjs.org/@cryptic-css/core/-/core-3.10.1.tgz",
            "integrity": "sha512-jSey7f9LKddgrfGl+3VJUuXlTmq2wuIRnNC2ikDoJeJN95msZZqRS7qR6ydqQt6FQcyczciTL0Fi12d25R9j5Q==",
            "dev": true,
            "requires": {
                "csstype": "^2.6.9"
            }
        },
        "@cryptic-css/plugin-grid": {
            "version": "3.10.1",
            "resolved": "https://registry.npmjs.org/@cryptic-css/plugin-grid/-/plugin-grid-3.10.1.tgz",
            "integrity": "sha512-iu9OM4Gk//3Z29VgqbNCK63P0nPuauFjFw8nW9I2ZWU3Z6/9eGTE/UnmxY1g14U5EH6THd0+/w9YUUd6xV1Kuw==",
            "dev": true
        },
        "@cryptic-css/plugin-gutter": {
            "version": "3.10.1",
            "resolved": "https://registry.npmjs.org/@cryptic-css/plugin-gutter/-/plugin-gutter-3.10.1.tgz",
            "integrity": "sha512-NnpvcbT/Q3Xjov6FwjjfaHFptD47Oc9Gk7PlP73Zm9mO3Sr2Ns5gwn/Uab4vh3s62M0Ku7WzgWYlU21Tex+z4A==",
            "dev": true
        },
        "@cryptic-css/plugin-ratio": {
            "version": "3.10.1",
            "resolved": "https://registry.npmjs.org/@cryptic-css/plugin-ratio/-/plugin-ratio-3.10.1.tgz",
            "integrity": "sha512-oIN6XEdWOPLn9yF222M1uoRzRF0E1Crv76newksvKH/b94Ph8x1J+a+Ganc+qa5EVgiJpfp36d8Tjkp39uizQA==",
            "dev": true
        },
        "@cryptic-css/prop-mid": {
            "version": "3.10.1",
            "resolved": "https://registry.npmjs.org/@cryptic-css/prop-mid/-/prop-mid-3.10.1.tgz",
            "integrity": "sha512-MyUBdaZ6QtR65zLAK3GzPTe5ES+hDeklAuPctgp6kcLTq41DpBSyC5YHeTxm5yMDUHJbHkEBkPpak30wSLn1XA==",
            "dev": true
        },
        "@cryptic-css/prop-mq": {
            "version": "3.10.1",
            "resolved": "https://registry.npmjs.org/@cryptic-css/prop-mq/-/prop-mq-3.10.1.tgz",
            "integrity": "sha512-tnmRonaJbP6g2X5JI/5QrgJw5zWqK9JcLAiLSkxGj9Fo3OaO72OfLyWdwRELZMs/taLkl1Lx7b+ldvelY4rGcQ==",
            "dev": true,
            "requires": {
                "@w11r/use-breakpoint": "^1.4.0"
            }
        },
        "@cryptic-css/prop-scroll": {
            "version": "3.10.1",
            "resolved": "https://registry.npmjs.org/@cryptic-css/prop-scroll/-/prop-scroll-3.10.1.tgz",
            "integrity": "sha512-xK2ls4l8nlJ3hdq1IP/sXQpC+dKNe94dGAt/io7qKycS65qgpnjUEBayYc2xqXzZyudWSEnLB/0a4YuR0zsRbw==",
            "dev": true
        },
        "@nodelib/fs.scandir": {
            "version": "2.1.3",
            "resolved": "https://registry.npmjs.org/@nodelib/fs.scandir/-/fs.scandir-2.1.3.tgz",
            "integrity": "sha512-eGmwYQn3gxo4r7jdQnkrrN6bY478C3P+a/y72IJukF8LjB6ZHeB3c+Ehacj3sYeSmUXGlnA67/PmbM9CVwL7Dw==",
            "requires": {
                "@nodelib/fs.stat": "2.0.3",
                "run-parallel": "^1.1.9"
            }
        },
        "@nodelib/fs.stat": {
            "version": "2.0.3",
            "resolved": "https://registry.npmjs.org/@nodelib/fs.stat/-/fs.stat-2.0.3.tgz",
            "integrity": "sha512-bQBFruR2TAwoevBEd/NWMoAAtNGzTRgdrqnYCc7dhzfoNvqPzLyqlEQnzZ3kVnNrSp25iyxE00/3h2fqGAGArA=="
        },
        "@nodelib/fs.walk": {
            "version": "1.2.4",
            "resolved": "https://registry.npmjs.org/@nodelib/fs.walk/-/fs.walk-1.2.4.tgz",
            "integrity": "sha512-1V9XOY4rDW0rehzbrcqAmHnz8e7SKvX27gh8Gt2WgB0+pdzdiLV83p72kZPU+jvMbS1qU5mauP2iOvO8rhmurQ==",
            "requires": {
                "@nodelib/fs.scandir": "2.1.3",
                "fastq": "^1.6.0"
            }
        },
        "@w11r/use-breakpoint": {
            "version": "1.7.0",
            "resolved": "https://registry.npmjs.org/@w11r/use-breakpoint/-/use-breakpoint-1.7.0.tgz",
            "integrity": "sha512-i33XDEI0h+X7MBNi1pLrsT2nLlxYCBGSGZHBGZYm2JkUTRy3brAvkqLoUexTfj4qKDC89qY1QcGLn4AcLcVR4Q==",
            "dev": true
        },
        "braces": {
            "version": "3.0.2",
            "resolved": "https://registry.npmjs.org/braces/-/braces-3.0.2.tgz",
            "integrity": "sha512-b8um+L1RzM3WDSzvhm6gIz1yfTbBt6YTlcEKAvsmqCZZFw46z626lVj9j1yEPW33H5H+lBQpZMP1k8l+78Ha0A==",
            "requires": {
                "fill-range": "^7.0.1"
            }
        },
        "ccss": {
            "version": "3.10.1",
            "resolved": "https://registry.npmjs.org/ccss/-/ccss-3.10.1.tgz",
            "integrity": "sha512-5PgW5AXaV+v6F9ld5H9tOhKjKSp6Ill8FusYF6EhwsZdN9P48FjTKbvyRpf+BOzV5riC6QcM1knhx07MV823dQ==",
            "dev": true,
            "requires": {
                "@cryptic-css/core": "^3.10.1",
                "@cryptic-css/plugin-grid": "^3.10.1",
                "@cryptic-css/plugin-gutter": "^3.10.1",
                "@cryptic-css/plugin-ratio": "^3.10.1",
                "@cryptic-css/prop-mid": "^3.10.1",
                "@cryptic-css/prop-mq": "^3.10.1",
                "@cryptic-css/prop-scroll": "^3.10.1"
            }
        },
        "color-convert": {
            "version": "1.9.3",
            "resolved": "https://registry.npmjs.org/color-convert/-/color-convert-1.9.3.tgz",
            "integrity": "sha512-QfAUtd+vFdAtFQcC8CCyYt1fYWxSqAiK2cSD6zDB8N3cpsEBAvRxp9zOGg6G/SHHJYAT88/az/IuDGALsNVbGg==",
            "requires": {
                "color-name": "1.1.3"
            }
        },
        "color-name": {
            "version": "1.1.3",
            "resolved": "https://registry.npmjs.org/color-name/-/color-name-1.1.3.tgz",
            "integrity": "sha1-p9BVi9icQveV3UIyj3QIMcpTvCU="
        },
        "csstype": {
            "version": "2.6.13",
            "resolved": "https://registry.npmjs.org/csstype/-/csstype-2.6.13.tgz",
            "integrity": "sha512-ul26pfSQTZW8dcOnD2iiJssfXw0gdNVX9IJDH/X3K5DGPfj+fUYe3kB+swUY6BF3oZDxaID3AJt+9/ojSAE05A==",
            "dev": true
        },
        "escape-string-regexp": {
            "version": "1.0.5",
            "resolved": "https://registry.npmjs.org/escape-string-regexp/-/escape-string-regexp-1.0.5.tgz",
            "integrity": "sha1-G2HAViGQqN/2rjuyzwIAyhMLhtQ="
        },
        "fast-glob": {
            "version": "3.2.4",
            "resolved": "https://registry.npmjs.org/fast-glob/-/fast-glob-3.2.4.tgz",
            "integrity": "sha512-kr/Oo6PX51265qeuCYsyGypiO5uJFgBS0jksyG7FUeCyQzNwYnzrNIMR1NXfkZXsMYXYLRAHgISHBz8gQcxKHQ==",
            "requires": {
                "@nodelib/fs.stat": "^2.0.2",
                "@nodelib/fs.walk": "^1.2.3",
                "glob-parent": "^5.1.0",
                "merge2": "^1.3.0",
                "micromatch": "^4.0.2",
                "picomatch": "^2.2.1"
            }
        },
        "fastq": {
            "version": "1.8.0",
            "resolved": "https://registry.npmjs.org/fastq/-/fastq-1.8.0.tgz",
            "integrity": "sha512-SMIZoZdLh/fgofivvIkmknUXyPnvxRE3DhtZ5Me3Mrsk5gyPL42F0xr51TdRXskBxHfMp+07bcYzfsYEsSQA9Q==",
            "requires": {
                "reusify": "^1.0.4"
            }
        },
        "fill-range": {
            "version": "7.0.1",
            "resolved": "https://registry.npmjs.org/fill-range/-/fill-range-7.0.1.tgz",
            "integrity": "sha512-qOo9F+dMUmC2Lcb4BbVvnKJxTPjCm+RRpe4gDuGrzkL7mEVl/djYSu2OdQ2Pa302N4oqkSg9ir6jaLWJ2USVpQ==",
            "requires": {
                "to-regex-range": "^5.0.1"
            }
        },
        "glob-parent": {
            "version": "5.1.1",
            "resolved": "https://registry.npmjs.org/glob-parent/-/glob-parent-5.1.1.tgz",
            "integrity": "sha512-FnI+VGOpnlGHWZxthPGR+QhR78fuiK0sNLkHQv+bL9fQi57lNNdquIbna/WrfROrolq8GK5Ek6BiMwqL/voRYQ==",
            "requires": {
                "is-glob": "^4.0.1"
            }
        },
        "has-flag": {
            "version": "3.0.0",
            "resolved": "https://registry.npmjs.org/has-flag/-/has-flag-3.0.0.tgz",
            "integrity": "sha1-tdRU3CGZriJWmfNGfloH87lVuv0="
        },
        "is-extglob": {
            "version": "2.1.1",
            "resolved": "https://registry.npmjs.org/is-extglob/-/is-extglob-2.1.1.tgz",
            "integrity": "sha1-qIwCU1eR8C7TfHahueqXc8gz+MI="
        },
        "is-glob": {
            "version": "4.0.1",
            "resolved": "https://registry.npmjs.org/is-glob/-/is-glob-4.0.1.tgz",
            "integrity": "sha512-5G0tKtBTFImOqDnLB2hG6Bp2qcKEFduo4tZu9MT/H6NQv/ghhy30o55ufafxJ/LdH79LLs2Kfrn85TLKyA7BUg==",
            "requires": {
                "is-extglob": "^2.1.1"
            }
        },
        "is-number": {
            "version": "7.0.0",
            "resolved": "https://registry.npmjs.org/is-number/-/is-number-7.0.0.tgz",
            "integrity": "sha512-41Cifkg6e8TylSpdtTpeLVMqvSBEVzTttHvERD741+pnZ8ANv0004MRL43QKPDlK9cGvNp6NZWZUBlbGXYxxng=="
        },
        "js-tokens": {
            "version": "4.0.0",
            "resolved": "https://registry.npmjs.org/js-tokens/-/js-tokens-4.0.0.tgz",
            "integrity": "sha512-RdJUflcE3cUzKiMqQgsCu06FPu9UdIJO0beYbPhHN4k6apgJtifcoCtT9bcxOpYBtpD2kCM6Sbzg4CausW/PKQ=="
        },
        "lodash": {
            "version": "4.17.15",
            "resolved": "https://registry.npmjs.org/lodash/-/lodash-4.17.15.tgz",
            "integrity": "sha512-8xOcRHvCjnocdS5cpwXQXVzmmh5e5+saE2QGoeQmbKmRS6J3VQppPOIt0MnmE+4xlZoumy0GPG0D0MVIQbNA1A=="
        },
        "merge2": {
            "version": "1.4.1",
            "resolved": "https://registry.npmjs.org/merge2/-/merge2-1.4.1.tgz",
            "integrity": "sha512-8q7VEgMJW4J8tcfVPy8g09NcQwZdbwFEqhe/WZkoIzjn/3TGDwtOCYtXGxA3O8tPzpczCCDgv+P2P5y00ZJOOg=="
        },
        "micromatch": {
            "version": "4.0.2",
            "resolved": "https://registry.npmjs.org/micromatch/-/micromatch-4.0.2.tgz",
            "integrity": "sha512-y7FpHSbMUMoyPbYUSzO6PaZ6FyRnQOpHuKwbo1G+Knck95XVU4QAiKdGEnj5wwoS7PlOgthX/09u5iFJ+aYf5Q==",
            "requires": {
                "braces": "^3.0.1",
                "picomatch": "^2.0.5"
            }
        },
        "picomatch": {
            "version": "2.2.2",
            "resolved": "https://registry.npmjs.org/picomatch/-/picomatch-2.2.2.tgz",
            "integrity": "sha512-q0M/9eZHzmr0AulXyPwNfZjtwZ/RBZlbN3K3CErVrk50T2ASYI7Bye0EvekFY3IP1Nt2DHu0re+V2ZHIpMkuWg=="
        },
        "reusify": {
            "version": "1.0.4",
            "resolved": "https://registry.npmjs.org/reusify/-/reusify-1.0.4.tgz",
            "integrity": "sha512-U9nH88a3fc/ekCF1l0/UP1IosiuIjyTh7hBvXVMHYgVcfGvt897Xguj2UOLDeI5BG2m7/uwyaLVT6fbtCwTyzw=="
        },
        "run-parallel": {
            "version": "1.1.9",
            "resolved": "https://registry.npmjs.org/run-parallel/-/run-parallel-1.1.9.tgz",
            "integrity": "sha512-DEqnSRTDw/Tc3FXf49zedI638Z9onwUotBMiUFKmrO2sdFKIbXamXGQ3Axd4qgphxKB4kw/qP1w5kTxnfU1B9Q=="
        },
        "shortest": {
            "version": "0.0.0",
            "resolved": "https://registry.npmjs.org/shortest/-/shortest-0.0.0.tgz",
            "integrity": "sha1-3EyNByLnqSCOx9IJjkzajKxuVn0="
        },
        "stylis": {
            "version": "4.0.1",
            "resolved": "https://registry.npmjs.org/stylis/-/stylis-4.0.1.tgz",
            "integrity": "sha512-Q6D+uXxhrf5MfJHUmS58U2mmvflwqYOeg5PXYIIFFlCfuA/Wl/0ej2G0ObT9K3WDGKAYBkqKonmyFSxkoMdHPw=="
        },
        "to-fast-properties": {
            "version": "2.0.0",
            "resolved": "https://registry.npmjs.org/to-fast-properties/-/to-fast-properties-2.0.0.tgz",
            "integrity": "sha1-3F5pjL0HkmW8c+A3doGk5Og/YW4="
        },
        "to-regex-range": {
            "version": "5.0.1",
            "resolved": "https://registry.npmjs.org/to-regex-range/-/to-regex-range-5.0.1.tgz",
            "integrity": "sha512-65P7iz6X5yEr1cwcgvQxbbIw7Uk3gOy5dIdtZ4rDveLqhrdJP+Li/Hx6tyK0NEb+2GCyneCMJiGqrADCSNk8sQ==",
            "requires": {
                "is-number": "^7.0.0"
            }
        }
    }
}
