{
    "name": "@cryptic-css/plugin-gutter",
    "version": "3.18.0",
    "lockfileVersion": 1,
    "requires": true,
    "dependencies": {
        "@cryptic-css/core": {
            "version": "3.18.0",
            "resolved": "https://registry.npmjs.org/@cryptic-css/core/-/core-3.18.0.tgz",
            "integrity": "sha512-mVcfwVe0pwwgxVdNs2gzdqNnHNjoRSk7ejV4kFzIrcBDyOHL11eeWcjZSc7026cBjd3+UaS/CADow3+Rb98X4Q==",
            "dev": true,
            "requires": {
                "csstype": "^3.0.3"
            }
        },
        "csstype": {
            "version": "3.0.5",
            "resolved": "https://registry.npmjs.org/csstype/-/csstype-3.0.5.tgz",
            "integrity": "sha512-uVDi8LpBUKQj6sdxNaTetL6FpeCqTjOvAQuQUa/qAqq8oOd4ivkbhgnqayl0dnPal8Tb/yB1tF+gOvCBiicaiQ==",
            "dev": true
        }
    }
}
