{
    "name": "@cryptic-css/plugin-gutter",
    "version": "3.11.0",
    "lockfileVersion": 1,
    "requires": true,
    "dependencies": {
        "@cryptic-css/core": {
            "version": "3.10.3",
            "resolved": "https://registry.npmjs.org/@cryptic-css/core/-/core-3.10.3.tgz",
            "integrity": "sha512-S8Wd2jUPMPVr7jMGLZJs2wo2nWYZK/V/Oj+Yr1m0Hjm40YBsC0qdIR2PsBExJ9hLJaaJYQOAJ16S3jVd01e37g==",
            "dev": true,
            "requires": {
                "csstype": "^2.6.9"
            }
        },
        "csstype": {
            "version": "2.6.13",
            "resolved": "https://registry.npmjs.org/csstype/-/csstype-2.6.13.tgz",
            "integrity": "sha512-ul26pfSQTZW8dcOnD2iiJssfXw0gdNVX9IJDH/X3K5DGPfj+fUYe3kB+swUY6BF3oZDxaID3AJt+9/ojSAE05A==",
            "dev": true
        }
    }
}
