{
    "name": "@cryptic-css/styled",
    "version": "3.7.0",
    "lockfileVersion": 1,
    "requires": true,
    "dependencies": {
        "@cryptic-css/core": {
            "version": "3.6.1",
            "resolved": "https://registry.npmjs.org/@cryptic-css/core/-/core-3.6.1.tgz",
            "integrity": "sha512-p5a3uzPZFizQphOMJ6kGgBfi5yop3/RUI3FvuaDejgi0HRSF43gjZNRVTiTrwsQQcSHkhnAkcaKXMISjwYFueA==",
            "dev": true,
            "requires": {
                "csstype": "^2.6.9"
            }
        },
        "csstype": {
            "version": "2.6.10",
            "resolved": "https://registry.npmjs.org/csstype/-/csstype-2.6.10.tgz",
            "integrity": "sha512-D34BqZU4cIlMCY93rZHbrq9pjTAQJ3U8S8rfBqjwHxkGPThWFjzZDQpgMJY0QViLxth6ZKYiwFBo14RdN44U/w==",
            "dev": true
        }
    }
}
