{
    "name": "@cryptic-css/styled",
    "version": "3.3.0",
    "lockfileVersion": 1,
    "requires": true,
    "dependencies": {
        "@cryptic-css/core": {
            "version": "3.4.0",
            "resolved": "https://registry.npmjs.org/@cryptic-css/core/-/core-3.4.0.tgz",
            "integrity": "sha512-jmWWUWtzLC2hqAlZ3is8KC9xsjZg8IIOkzlRcUFwtd0vYzKAYLkNHUAJmLYIaq43qAbh6PFzR9Rw/qvkL5JPGg==",
            "dev": true,
            "requires": {
                "csstype": "^2.6.9"
            }
        },
        "csstype": {
            "version": "2.6.10",
            "resolved": "https://registry.npmjs.org/csstype/-/csstype-2.6.10.tgz",
            "integrity": "sha512-D34BqZU4cIlMCY93rZHbrq9pjTAQJ3U8S8rfBqjwHxkGPThWFjzZDQpgMJY0QViLxth6ZKYiwFBo14RdN44U/w==",
            "dev": true
        }
    }
}
