{
    "name": "@cryptic-css/prop-mq",
    "version": "3.10.2",
    "lockfileVersion": 1,
    "requires": true,
    "dependencies": {
        "@cryptic-css/core": {
            "version": "3.10.1",
            "resolved": "https://registry.npmjs.org/@cryptic-css/core/-/core-3.10.1.tgz",
            "integrity": "sha512-jSey7f9LKddgrfGl+3VJUuXlTmq2wuIRnNC2ikDoJeJN95msZZqRS7qR6ydqQt6FQcyczciTL0Fi12d25R9j5Q==",
            "dev": true,
            "requires": {
                "csstype": "^2.6.9"
            }
        },
        "@w11r/use-breakpoint": {
            "version": "1.4.0",
            "resolved": "https://registry.npmjs.org/@w11r/use-breakpoint/-/use-breakpoint-1.4.0.tgz",
            "integrity": "sha512-OLkdFppyk2to9iP02U9wF93dl7cIq+xzSTx1ypEyiLcN/yRzaKU4mXkexPtaqnLr3CopwaBMDGfr7q/NVEgNtQ=="
        },
        "csstype": {
            "version": "2.6.13",
            "resolved": "https://registry.npmjs.org/csstype/-/csstype-2.6.13.tgz",
            "integrity": "sha512-ul26pfSQTZW8dcOnD2iiJssfXw0gdNVX9IJDH/X3K5DGPfj+fUYe3kB+swUY6BF3oZDxaID3AJt+9/ojSAE05A==",
            "dev": true
        }
    }
}
