{
    "name": "@cryptic-css/prop-mq",
    "version": "3.17.0",
    "lockfileVersion": 1,
    "requires": true,
    "dependencies": {
        "@cryptic-css/core": {
            "version": "3.16.0",
            "resolved": "https://registry.npmjs.org/@cryptic-css/core/-/core-3.16.0.tgz",
            "integrity": "sha512-02eILaC/z4mt3LEsyEN3PJdcRsXvPC0H8656QgI52QOMEQnw5x6UC2LiD8S66n08FV1kWMBGOvow208PtpmNEg==",
            "dev": true,
            "requires": {
                "csstype": "^3.0.3"
            }
        },
        "@w11r/use-breakpoint": {
            "version": "1.7.0",
            "resolved": "https://registry.npmjs.org/@w11r/use-breakpoint/-/use-breakpoint-1.7.0.tgz",
            "integrity": "sha512-i33XDEI0h+X7MBNi1pLrsT2nLlxYCBGSGZHBGZYm2JkUTRy3brAvkqLoUexTfj4qKDC89qY1QcGLn4AcLcVR4Q=="
        },
        "csstype": {
            "version": "3.0.3",
            "resolved": "https://registry.npmjs.org/csstype/-/csstype-3.0.3.tgz",
            "integrity": "sha512-jPl+wbWPOWJ7SXsWyqGRk3lGecbar0Cb0OvZF/r/ZU011R4YqiRehgkQ9p4eQfo9DSDLqLL3wHwfxeJiuIsNag==",
            "dev": true
        }
    }
}
