{
    "name": "@cryptic-css/prop-mq",
    "version": "3.6.1",
    "lockfileVersion": 1,
    "requires": true,
    "dependencies": {
        "@cryptic-css/core": {
            "version": "3.6.0",
            "resolved": "https://registry.npmjs.org/@cryptic-css/core/-/core-3.6.0.tgz",
            "integrity": "sha512-qIX5ECjfxYLl5+yv+kKqf1AV+hGCoDoLHiezbS/IG1J+doUrtHTZgGCM5VqTGmDWA5ykiv6l0clHnmKxaYBGCA==",
            "dev": true,
            "requires": {
                "csstype": "^2.6.9"
            }
        },
        "@w11r/use-breakpoint": {
            "version": "1.4.0",
            "resolved": "https://registry.npmjs.org/@w11r/use-breakpoint/-/use-breakpoint-1.4.0.tgz",
            "integrity": "sha512-OLkdFppyk2to9iP02U9wF93dl7cIq+xzSTx1ypEyiLcN/yRzaKU4mXkexPtaqnLr3CopwaBMDGfr7q/NVEgNtQ=="
        },
        "csstype": {
            "version": "2.6.10",
            "resolved": "https://registry.npmjs.org/csstype/-/csstype-2.6.10.tgz",
            "integrity": "sha512-D34BqZU4cIlMCY93rZHbrq9pjTAQJ3U8S8rfBqjwHxkGPThWFjzZDQpgMJY0QViLxth6ZKYiwFBo14RdN44U/w==",
            "dev": true
        }
    }
}
