{
    "name": "ccss",
    "version": "5.2.1",
    "lockfileVersion": 2,
    "requires": true,
    "packages": {
        "": {
            "version": "5.2.0",
            "license": "MIT",
            "dependencies": {
                "@cryptic-css/core": "^5.2.0",
                "@cryptic-css/plugin-gutter": "^5.2.0",
                "@cryptic-css/plugin-ratio": "^5.2.0",
                "@cryptic-css/prop-keyframes": "^5.2.0",
                "@cryptic-css/prop-mq": "^5.2.0",
                "@cryptic-css/prop-scroll": "^5.2.0"
            }
        },
        "node_modules/@cryptic-css/core": {
            "version": "5.2.0",
            "resolved": "https://registry.npmjs.org/@cryptic-css/core/-/core-5.2.0.tgz",
            "integrity": "sha512-3/tyQ7xWueB4xjKAgj7iKUJcINdPQGCgtPXwy1D9t3MlQhiZYYM5zHtn/VrRb28/e540HyK592qLAUpKcAAObQ==",
            "dependencies": {
                "@ungap/global-this": "^0.4.3",
                "csstype": "^3.0.5",
                "transformed": "^1.1.4"
            }
        },
        "node_modules/@cryptic-css/plugin-gutter": {
            "version": "5.2.0",
            "resolved": "https://registry.npmjs.org/@cryptic-css/plugin-gutter/-/plugin-gutter-5.2.0.tgz",
            "integrity": "sha512-8Q/m+Ty1OJmZFVrMWW8p5EDo0KijjBYbQcUwDPtAjzFH2wUiEuLT/CyclBQkfgxc/0M9Joc6Jm/Pxd4dgq4w6Q==",
            "peerDependencies": {
                "@cryptic-css/core": "^5.0.0"
            }
        },
        "node_modules/@cryptic-css/plugin-ratio": {
            "version": "5.2.0",
            "resolved": "https://registry.npmjs.org/@cryptic-css/plugin-ratio/-/plugin-ratio-5.2.0.tgz",
            "integrity": "sha512-fsTvvXzQahgMPMqqagQIaBXuWjgI7eGeHktKeZAYdXuuWdE8/6xLV3gWtPGhRl3QCwwk5nePIkVjow5q813t6A==",
            "peerDependencies": {
                "@cryptic-css/core": "^5.0.0"
            }
        },
        "node_modules/@cryptic-css/prop-keyframes": {
            "version": "5.2.0",
            "resolved": "https://registry.npmjs.org/@cryptic-css/prop-keyframes/-/prop-keyframes-5.2.0.tgz",
            "integrity": "sha512-U8x+b+/vvxjG1edA69G13AebaHD1nIYXl3bGiKEw1gvIvr3jvd1WhzLMjDxmv9nop7Z1K+ocKiguO0E2qwZ/Zw==",
            "peerDependencies": {
                "@cryptic-css/core": "^5.0.0"
            }
        },
        "node_modules/@cryptic-css/prop-mq": {
            "version": "5.2.0",
            "resolved": "https://registry.npmjs.org/@cryptic-css/prop-mq/-/prop-mq-5.2.0.tgz",
            "integrity": "sha512-mdeEccus5qhPTnFLVC4nmNVX//D5nfK5GMRLOgqYzgWP5iic4tmA+Iio5BapMwD7BYDKBz19wyW1eyzbAEtgjw==",
            "dependencies": {
                "@w11r/use-breakpoint": "^1.8.0"
            },
            "peerDependencies": {
                "@cryptic-css/core": "^5.0.0"
            }
        },
        "node_modules/@cryptic-css/prop-scroll": {
            "version": "5.2.0",
            "resolved": "https://registry.npmjs.org/@cryptic-css/prop-scroll/-/prop-scroll-5.2.0.tgz",
            "integrity": "sha512-78j7C/uIA892pePBsbUPEt6mK/9Aiqr9D9UPe5ETphpQOcBK3sPXIEewfg5tlmeLAThMx3VDk8ntpa81N9HGvA==",
            "peerDependencies": {
                "@cryptic-css/core": "^5.0.0"
            }
        },
        "node_modules/@ungap/global-this": {
            "version": "0.4.4",
            "resolved": "https://registry.npmjs.org/@ungap/global-this/-/global-this-0.4.4.tgz",
            "integrity": "sha512-mHkm6FvepJECMNthFuIgpAEFmPOk71UyXuIxYfjytvFTnSDBIz7jmViO+LfHI/AjrazWije0PnSP3+/NlwzqtA=="
        },
        "node_modules/@w11r/use-breakpoint": {
            "version": "1.8.0",
            "resolved": "https://registry.npmjs.org/@w11r/use-breakpoint/-/use-breakpoint-1.8.0.tgz",
            "integrity": "sha512-q4ZxtHUZnjZ0Rrs1b5uWjds/Zih2UvOe7zbIXiDi7/4I3688uNpAm/8x7MCbYzHmM8/fPOPEWNgpY3mbUDHmPQ=="
        },
        "node_modules/csstype": {
            "version": "3.0.6",
            "resolved": "https://registry.npmjs.org/csstype/-/csstype-3.0.6.tgz",
            "integrity": "sha512-+ZAmfyWMT7TiIlzdqJgjMb7S4f1beorDbWbsocyK4RaiqA5RTX3K14bnBWmmA9QEM0gRdsjyyrEmcyga8Zsxmw=="
        },
        "node_modules/transformed": {
            "version": "1.1.4",
            "resolved": "https://registry.npmjs.org/transformed/-/transformed-1.1.4.tgz",
            "integrity": "sha512-+uIS9zunCwygkDHL2I4Y9wnd56Q8Lb3xALpKdQIu7kqFK/m/iVjglhjltsHrvrxNzzWEzDtR/nCFMcSC2cGXrQ=="
        }
    },
    "dependencies": {
        "@cryptic-css/core": {
            "version": "5.2.0",
            "resolved": "https://registry.npmjs.org/@cryptic-css/core/-/core-5.2.0.tgz",
            "integrity": "sha512-3/tyQ7xWueB4xjKAgj7iKUJcINdPQGCgtPXwy1D9t3MlQhiZYYM5zHtn/VrRb28/e540HyK592qLAUpKcAAObQ==",
            "requires": {
                "@ungap/global-this": "^0.4.3",
                "csstype": "^3.0.5",
                "transformed": "^1.1.4"
            }
        },
        "@cryptic-css/plugin-gutter": {
            "version": "5.2.0",
            "resolved": "https://registry.npmjs.org/@cryptic-css/plugin-gutter/-/plugin-gutter-5.2.0.tgz",
            "integrity": "sha512-8Q/m+Ty1OJmZFVrMWW8p5EDo0KijjBYbQcUwDPtAjzFH2wUiEuLT/CyclBQkfgxc/0M9Joc6Jm/Pxd4dgq4w6Q==",
            "requires": {}
        },
        "@cryptic-css/plugin-ratio": {
            "version": "5.2.0",
            "resolved": "https://registry.npmjs.org/@cryptic-css/plugin-ratio/-/plugin-ratio-5.2.0.tgz",
            "integrity": "sha512-fsTvvXzQahgMPMqqagQIaBXuWjgI7eGeHktKeZAYdXuuWdE8/6xLV3gWtPGhRl3QCwwk5nePIkVjow5q813t6A==",
            "requires": {}
        },
        "@cryptic-css/prop-keyframes": {
            "version": "5.2.0",
            "resolved": "https://registry.npmjs.org/@cryptic-css/prop-keyframes/-/prop-keyframes-5.2.0.tgz",
            "integrity": "sha512-U8x+b+/vvxjG1edA69G13AebaHD1nIYXl3bGiKEw1gvIvr3jvd1WhzLMjDxmv9nop7Z1K+ocKiguO0E2qwZ/Zw==",
            "requires": {}
        },
        "@cryptic-css/prop-mq": {
            "version": "5.2.0",
            "resolved": "https://registry.npmjs.org/@cryptic-css/prop-mq/-/prop-mq-5.2.0.tgz",
            "integrity": "sha512-mdeEccus5qhPTnFLVC4nmNVX//D5nfK5GMRLOgqYzgWP5iic4tmA+Iio5BapMwD7BYDKBz19wyW1eyzbAEtgjw==",
            "requires": {
                "@w11r/use-breakpoint": "^1.8.0"
            }
        },
        "@cryptic-css/prop-scroll": {
            "version": "5.2.0",
            "resolved": "https://registry.npmjs.org/@cryptic-css/prop-scroll/-/prop-scroll-5.2.0.tgz",
            "integrity": "sha512-78j7C/uIA892pePBsbUPEt6mK/9Aiqr9D9UPe5ETphpQOcBK3sPXIEewfg5tlmeLAThMx3VDk8ntpa81N9HGvA==",
            "requires": {}
        },
        "@ungap/global-this": {
            "version": "0.4.4",
            "resolved": "https://registry.npmjs.org/@ungap/global-this/-/global-this-0.4.4.tgz",
            "integrity": "sha512-mHkm6FvepJECMNthFuIgpAEFmPOk71UyXuIxYfjytvFTnSDBIz7jmViO+LfHI/AjrazWije0PnSP3+/NlwzqtA=="
        },
        "@w11r/use-breakpoint": {
            "version": "1.8.0",
            "resolved": "https://registry.npmjs.org/@w11r/use-breakpoint/-/use-breakpoint-1.8.0.tgz",
            "integrity": "sha512-q4ZxtHUZnjZ0Rrs1b5uWjds/Zih2UvOe7zbIXiDi7/4I3688uNpAm/8x7MCbYzHmM8/fPOPEWNgpY3mbUDHmPQ=="
        },
        "csstype": {
            "version": "3.0.6",
            "resolved": "https://registry.npmjs.org/csstype/-/csstype-3.0.6.tgz",
            "integrity": "sha512-+ZAmfyWMT7TiIlzdqJgjMb7S4f1beorDbWbsocyK4RaiqA5RTX3K14bnBWmmA9QEM0gRdsjyyrEmcyga8Zsxmw=="
        },
        "transformed": {
            "version": "1.1.4",
            "resolved": "https://registry.npmjs.org/transformed/-/transformed-1.1.4.tgz",
            "integrity": "sha512-+uIS9zunCwygkDHL2I4Y9wnd56Q8Lb3xALpKdQIu7kqFK/m/iVjglhjltsHrvrxNzzWEzDtR/nCFMcSC2cGXrQ=="
        }
    }
}
