{
    "name": "ccss",
    "version": "5.9.0",
    "lockfileVersion": 2,
    "requires": true,
    "packages": {
        "": {
            "version": "5.8.1",
            "license": "MIT",
            "dependencies": {
                "@cryptic-css/core": "^5.8.1",
                "@cryptic-css/plugin-gutter": "^5.8.1",
                "@cryptic-css/plugin-ratio": "^5.8.1",
                "@cryptic-css/prop-keyframes": "^5.8.1",
                "@cryptic-css/prop-mq": "^5.8.1",
                "@cryptic-css/prop-scroll": "^5.8.1"
            }
        },
        "node_modules/@cryptic-css/core": {
            "version": "5.8.1",
            "resolved": "https://registry.npmjs.org/@cryptic-css/core/-/core-5.8.1.tgz",
            "integrity": "sha512-I47rwPFcj5/XBbOW9K75iiSvzm++RE/nCWOKLwkrQlnQ3XuGjPYrynQPuneJJ/YwGeAxNdSZgOLEWq7dHsqo5A==",
            "dependencies": {
                "@ungap/global-this": "^0.4.3",
                "csstype": "^3.0.5",
                "transformed": "^1.1.4"
            }
        },
        "node_modules/@cryptic-css/plugin-gutter": {
            "version": "5.8.1",
            "resolved": "https://registry.npmjs.org/@cryptic-css/plugin-gutter/-/plugin-gutter-5.8.1.tgz",
            "integrity": "sha512-xX/5HBc+eh/TPwe2eBU9yiHmQ826a5AQlXimZpL3BT7XfkdeYPRJdVSL/zN3mOwf6jtWwhq/cQ22Z2trqqVWYA==",
            "peerDependencies": {
                "@cryptic-css/core": "^5.0.0"
            }
        },
        "node_modules/@cryptic-css/plugin-ratio": {
            "version": "5.8.1",
            "resolved": "https://registry.npmjs.org/@cryptic-css/plugin-ratio/-/plugin-ratio-5.8.1.tgz",
            "integrity": "sha512-tx1ooUFMuq6NMN4Hu4LHYL10HoEtjgNGPHRSJrKBzXGua1cDp/DYIWSxSpvLOOgBmZ2ZsLEOgVrsEXDLZzaWow==",
            "peerDependencies": {
                "@cryptic-css/core": "^5.0.0"
            }
        },
        "node_modules/@cryptic-css/prop-keyframes": {
            "version": "5.8.1",
            "resolved": "https://registry.npmjs.org/@cryptic-css/prop-keyframes/-/prop-keyframes-5.8.1.tgz",
            "integrity": "sha512-KJ8qmGGjgfUHPquva1YLQ/ResaOSc/cOhJrKQ/y6dcVlCPnAg3Saei6IbogIDxPR7EQvIMyjXcC57Z4L3XGVAw==",
            "peerDependencies": {
                "@cryptic-css/core": "^5.0.0"
            }
        },
        "node_modules/@cryptic-css/prop-mq": {
            "version": "5.8.1",
            "resolved": "https://registry.npmjs.org/@cryptic-css/prop-mq/-/prop-mq-5.8.1.tgz",
            "integrity": "sha512-yqJwm3w5QdPBvGQvUUnavoBxu67Tx8UigR1EOxV3apLQFTqqzNYX7e4V7CauiiLIQoChey7D1S4QojSDpjZZaA==",
            "dependencies": {
                "@w11r/use-breakpoint": "^1.8.0"
            },
            "peerDependencies": {
                "@cryptic-css/core": "^5.0.0"
            }
        },
        "node_modules/@cryptic-css/prop-scroll": {
            "version": "5.8.1",
            "resolved": "https://registry.npmjs.org/@cryptic-css/prop-scroll/-/prop-scroll-5.8.1.tgz",
            "integrity": "sha512-xEbpoQVtYIT3/D1F8BPoTGScg6khA2vgvXvv6igtPl7BGiQl/iAyLBOqJv3Z5zYfPmmFiKtE/6AzB17TMh9r1Q==",
            "peerDependencies": {
                "@cryptic-css/core": "^5.0.0"
            }
        },
        "node_modules/@ungap/global-this": {
            "version": "0.4.4",
            "resolved": "https://registry.npmjs.org/@ungap/global-this/-/global-this-0.4.4.tgz",
            "integrity": "sha512-mHkm6FvepJECMNthFuIgpAEFmPOk71UyXuIxYfjytvFTnSDBIz7jmViO+LfHI/AjrazWije0PnSP3+/NlwzqtA=="
        },
        "node_modules/@w11r/use-breakpoint": {
            "version": "1.8.0",
            "resolved": "https://registry.npmjs.org/@w11r/use-breakpoint/-/use-breakpoint-1.8.0.tgz",
            "integrity": "sha512-q4ZxtHUZnjZ0Rrs1b5uWjds/Zih2UvOe7zbIXiDi7/4I3688uNpAm/8x7MCbYzHmM8/fPOPEWNgpY3mbUDHmPQ=="
        },
        "node_modules/csstype": {
            "version": "3.0.6",
            "resolved": "https://registry.npmjs.org/csstype/-/csstype-3.0.6.tgz",
            "integrity": "sha512-+ZAmfyWMT7TiIlzdqJgjMb7S4f1beorDbWbsocyK4RaiqA5RTX3K14bnBWmmA9QEM0gRdsjyyrEmcyga8Zsxmw=="
        },
        "node_modules/transformed": {
            "version": "1.1.4",
            "resolved": "https://registry.npmjs.org/transformed/-/transformed-1.1.4.tgz",
            "integrity": "sha512-+uIS9zunCwygkDHL2I4Y9wnd56Q8Lb3xALpKdQIu7kqFK/m/iVjglhjltsHrvrxNzzWEzDtR/nCFMcSC2cGXrQ=="
        }
    },
    "dependencies": {
        "@cryptic-css/core": {
            "version": "5.8.1",
            "resolved": "https://registry.npmjs.org/@cryptic-css/core/-/core-5.8.1.tgz",
            "integrity": "sha512-I47rwPFcj5/XBbOW9K75iiSvzm++RE/nCWOKLwkrQlnQ3XuGjPYrynQPuneJJ/YwGeAxNdSZgOLEWq7dHsqo5A==",
            "requires": {
                "@ungap/global-this": "^0.4.3",
                "csstype": "^3.0.5",
                "transformed": "^1.1.4"
            }
        },
        "@cryptic-css/plugin-gutter": {
            "version": "5.8.1",
            "resolved": "https://registry.npmjs.org/@cryptic-css/plugin-gutter/-/plugin-gutter-5.8.1.tgz",
            "integrity": "sha512-xX/5HBc+eh/TPwe2eBU9yiHmQ826a5AQlXimZpL3BT7XfkdeYPRJdVSL/zN3mOwf6jtWwhq/cQ22Z2trqqVWYA==",
            "requires": {}
        },
        "@cryptic-css/plugin-ratio": {
            "version": "5.8.1",
            "resolved": "https://registry.npmjs.org/@cryptic-css/plugin-ratio/-/plugin-ratio-5.8.1.tgz",
            "integrity": "sha512-tx1ooUFMuq6NMN4Hu4LHYL10HoEtjgNGPHRSJrKBzXGua1cDp/DYIWSxSpvLOOgBmZ2ZsLEOgVrsEXDLZzaWow==",
            "requires": {}
        },
        "@cryptic-css/prop-keyframes": {
            "version": "5.8.1",
            "resolved": "https://registry.npmjs.org/@cryptic-css/prop-keyframes/-/prop-keyframes-5.8.1.tgz",
            "integrity": "sha512-KJ8qmGGjgfUHPquva1YLQ/ResaOSc/cOhJrKQ/y6dcVlCPnAg3Saei6IbogIDxPR7EQvIMyjXcC57Z4L3XGVAw==",
            "requires": {}
        },
        "@cryptic-css/prop-mq": {
            "version": "5.8.1",
            "resolved": "https://registry.npmjs.org/@cryptic-css/prop-mq/-/prop-mq-5.8.1.tgz",
            "integrity": "sha512-yqJwm3w5QdPBvGQvUUnavoBxu67Tx8UigR1EOxV3apLQFTqqzNYX7e4V7CauiiLIQoChey7D1S4QojSDpjZZaA==",
            "requires": {
                "@w11r/use-breakpoint": "^1.8.0"
            }
        },
        "@cryptic-css/prop-scroll": {
            "version": "5.8.1",
            "resolved": "https://registry.npmjs.org/@cryptic-css/prop-scroll/-/prop-scroll-5.8.1.tgz",
            "integrity": "sha512-xEbpoQVtYIT3/D1F8BPoTGScg6khA2vgvXvv6igtPl7BGiQl/iAyLBOqJv3Z5zYfPmmFiKtE/6AzB17TMh9r1Q==",
            "requires": {}
        },
        "@ungap/global-this": {
            "version": "0.4.4",
            "resolved": "https://registry.npmjs.org/@ungap/global-this/-/global-this-0.4.4.tgz",
            "integrity": "sha512-mHkm6FvepJECMNthFuIgpAEFmPOk71UyXuIxYfjytvFTnSDBIz7jmViO+LfHI/AjrazWije0PnSP3+/NlwzqtA=="
        },
        "@w11r/use-breakpoint": {
            "version": "1.8.0",
            "resolved": "https://registry.npmjs.org/@w11r/use-breakpoint/-/use-breakpoint-1.8.0.tgz",
            "integrity": "sha512-q4ZxtHUZnjZ0Rrs1b5uWjds/Zih2UvOe7zbIXiDi7/4I3688uNpAm/8x7MCbYzHmM8/fPOPEWNgpY3mbUDHmPQ=="
        },
        "csstype": {
            "version": "3.0.6",
            "resolved": "https://registry.npmjs.org/csstype/-/csstype-3.0.6.tgz",
            "integrity": "sha512-+ZAmfyWMT7TiIlzdqJgjMb7S4f1beorDbWbsocyK4RaiqA5RTX3K14bnBWmmA9QEM0gRdsjyyrEmcyga8Zsxmw=="
        },
        "transformed": {
            "version": "1.1.4",
            "resolved": "https://registry.npmjs.org/transformed/-/transformed-1.1.4.tgz",
            "integrity": "sha512-+uIS9zunCwygkDHL2I4Y9wnd56Q8Lb3xALpKdQIu7kqFK/m/iVjglhjltsHrvrxNzzWEzDtR/nCFMcSC2cGXrQ=="
        }
    }
}
