{
    "name": "ccss",
    "version": "5.0.3",
    "lockfileVersion": 1,
    "requires": true,
    "dependencies": {
        "@cryptic-css/core": {
            "version": "5.0.2",
            "resolved": "https://registry.npmjs.org/@cryptic-css/core/-/core-5.0.2.tgz",
            "integrity": "sha512-BII62wXb5ifTr+kYM3YBkgpdTFktPfqeTHWtBd/vKO9CBHWGU4w9BAj0qT/GtPpcA9fwdMt0BVrfYdzjgVJ1gQ==",
            "requires": {
                "@ungap/global-this": "^0.4.3",
                "csstype": "^3.0.5",
                "transformed": "^1.1.4"
            }
        },
        "@cryptic-css/plugin-gutter": {
            "version": "5.0.2",
            "resolved": "https://registry.npmjs.org/@cryptic-css/plugin-gutter/-/plugin-gutter-5.0.2.tgz",
            "integrity": "sha512-ZOzQ1Hm3935s9rUxV2mltpz9gMDoPL6xQpZon6Za/q+qwIGcw+i44zpzjbku0P9t+yz0H/KjIml6fhWQxOnwuQ=="
        },
        "@cryptic-css/plugin-ratio": {
            "version": "5.0.2",
            "resolved": "https://registry.npmjs.org/@cryptic-css/plugin-ratio/-/plugin-ratio-5.0.2.tgz",
            "integrity": "sha512-E8fE4BCLE+IQeUOon5dc9d4TxcwldBrbkGV4jo5abHkQsDB64wiAn/MV05fKDaj+JOv+wzksJAUccLKK2cBFRg=="
        },
        "@cryptic-css/prop-keyframes": {
            "version": "5.0.2",
            "resolved": "https://registry.npmjs.org/@cryptic-css/prop-keyframes/-/prop-keyframes-5.0.2.tgz",
            "integrity": "sha512-qKw4UWvqOkJ4Iu2eoCMFnuuVaf2yBu6DnNzRHTCfF1RWo80D1Q0M4VEZZKQ+1zseXNqlNBrZTFHNj+Ql04i0XQ=="
        },
        "@cryptic-css/prop-mq": {
            "version": "5.0.2",
            "resolved": "https://registry.npmjs.org/@cryptic-css/prop-mq/-/prop-mq-5.0.2.tgz",
            "integrity": "sha512-Jg+Jfj+ts9Fa6Mj4i591kab/BlD64mh1jZwmSC621CNqDZAjAqj/gYnX9WfJHle0fp08vxIxGFeQXvx9sktzSA==",
            "requires": {
                "@w11r/use-breakpoint": "^1.8.0"
            }
        },
        "@cryptic-css/prop-scroll": {
            "version": "5.0.2",
            "resolved": "https://registry.npmjs.org/@cryptic-css/prop-scroll/-/prop-scroll-5.0.2.tgz",
            "integrity": "sha512-eC1+zAiwKzP1b417c+Gnuvy79cDc/OEs1FZkvaQDwdGVlct5LRGVShR7V/OAwkfu8O2NOtYZUWh0b+JkiNXGWA=="
        },
        "@ungap/global-this": {
            "version": "0.4.4",
            "resolved": "https://registry.npmjs.org/@ungap/global-this/-/global-this-0.4.4.tgz",
            "integrity": "sha512-mHkm6FvepJECMNthFuIgpAEFmPOk71UyXuIxYfjytvFTnSDBIz7jmViO+LfHI/AjrazWije0PnSP3+/NlwzqtA=="
        },
        "@w11r/use-breakpoint": {
            "version": "1.8.0",
            "resolved": "https://registry.npmjs.org/@w11r/use-breakpoint/-/use-breakpoint-1.8.0.tgz",
            "integrity": "sha512-q4ZxtHUZnjZ0Rrs1b5uWjds/Zih2UvOe7zbIXiDi7/4I3688uNpAm/8x7MCbYzHmM8/fPOPEWNgpY3mbUDHmPQ=="
        },
        "csstype": {
            "version": "3.0.6",
            "resolved": "https://registry.npmjs.org/csstype/-/csstype-3.0.6.tgz",
            "integrity": "sha512-+ZAmfyWMT7TiIlzdqJgjMb7S4f1beorDbWbsocyK4RaiqA5RTX3K14bnBWmmA9QEM0gRdsjyyrEmcyga8Zsxmw=="
        },
        "transformed": {
            "version": "1.1.4",
            "resolved": "https://registry.npmjs.org/transformed/-/transformed-1.1.4.tgz",
            "integrity": "sha512-+uIS9zunCwygkDHL2I4Y9wnd56Q8Lb3xALpKdQIu7kqFK/m/iVjglhjltsHrvrxNzzWEzDtR/nCFMcSC2cGXrQ=="
        }
    }
}
