{
    "name": "ccss",
    "version": "3.14.0",
    "lockfileVersion": 1,
    "requires": true,
    "dependencies": {
        "@cryptic-css/core": {
            "version": "3.13.0",
            "resolved": "https://registry.npmjs.org/@cryptic-css/core/-/core-3.13.0.tgz",
            "integrity": "sha512-r8SAKGWDUGOysCRXluKvd0E+rV6w7tDcKqBMTTuw7QaVVmKYxA4uCi2Qm5ieV8B3UtNU1QXdMnNVnQKdsilvGA==",
            "requires": {
                "csstype": "^3.0.3"
            }
        },
        "@cryptic-css/plugin-gutter": {
            "version": "3.13.0",
            "resolved": "https://registry.npmjs.org/@cryptic-css/plugin-gutter/-/plugin-gutter-3.13.0.tgz",
            "integrity": "sha512-e3pQOZXEdO6BqERh0LAfBFkbRBA9CrGLcc5CH0Hf6QHLC8mftkUJiS+Q+RXwjNVeplWBLd+B9HEjRr17VldrXA=="
        },
        "@cryptic-css/plugin-ratio": {
            "version": "3.13.0",
            "resolved": "https://registry.npmjs.org/@cryptic-css/plugin-ratio/-/plugin-ratio-3.13.0.tgz",
            "integrity": "sha512-AZpClRZdmIEk3jljQkqCNvaKj89QucD5cw1RRjpnHrJmjtWonIxTKtOruYBbKZJjiXiGx3l0w+DKTrm78wXFLA=="
        },
        "@cryptic-css/prop-keyframes": {
            "version": "3.13.0",
            "resolved": "https://registry.npmjs.org/@cryptic-css/prop-keyframes/-/prop-keyframes-3.13.0.tgz",
            "integrity": "sha512-R4igxNez6Rt8vRiOEvs5HuP22TMZEWC+3342nlqo5e0YQ8U9tmAxdq7xyQs/Dx2i2ZuIr1UV2u+hhSBF2Y791w=="
        },
        "@cryptic-css/prop-mid": {
            "version": "3.13.0",
            "resolved": "https://registry.npmjs.org/@cryptic-css/prop-mid/-/prop-mid-3.13.0.tgz",
            "integrity": "sha512-enF6HYJ7Y44C4/+sDCW7YiBZ4OJeUGPsVdTo3Oiq06XShgdAegF3a7wB55mbifFOKSL7rXQTbH/ygoicSjyKig=="
        },
        "@cryptic-css/prop-mq": {
            "version": "3.13.0",
            "resolved": "https://registry.npmjs.org/@cryptic-css/prop-mq/-/prop-mq-3.13.0.tgz",
            "integrity": "sha512-vocaU4EojN7QZ9j9bLEXgxMiBPSPHk789KvO4JSb+6Xu2Icn9v6x5P1U7XKc17zl3Shd9L5/0adR93Ij1uMttA==",
            "requires": {
                "@w11r/use-breakpoint": "^1.7.0"
            }
        },
        "@cryptic-css/prop-scroll": {
            "version": "3.13.0",
            "resolved": "https://registry.npmjs.org/@cryptic-css/prop-scroll/-/prop-scroll-3.13.0.tgz",
            "integrity": "sha512-e+O+CpAP+/Xbct2atcyiTv9Le0J7mBVJi5z541ngWyCmoiq7JjM5ZEUGmXL8mY5bM/SCQfEJ9V4bA1f4T8teBw=="
        },
        "@w11r/use-breakpoint": {
            "version": "1.7.0",
            "resolved": "https://registry.npmjs.org/@w11r/use-breakpoint/-/use-breakpoint-1.7.0.tgz",
            "integrity": "sha512-i33XDEI0h+X7MBNi1pLrsT2nLlxYCBGSGZHBGZYm2JkUTRy3brAvkqLoUexTfj4qKDC89qY1QcGLn4AcLcVR4Q=="
        },
        "csstype": {
            "version": "3.0.3",
            "resolved": "https://registry.npmjs.org/csstype/-/csstype-3.0.3.tgz",
            "integrity": "sha512-jPl+wbWPOWJ7SXsWyqGRk3lGecbar0Cb0OvZF/r/ZU011R4YqiRehgkQ9p4eQfo9DSDLqLL3wHwfxeJiuIsNag=="
        }
    }
}
