{
    "name": "ccss",
    "version": "3.9.1",
    "lockfileVersion": 1,
    "requires": true,
    "dependencies": {
        "@cryptic-css/core": {
            "version": "3.9.0",
            "resolved": "https://registry.npmjs.org/@cryptic-css/core/-/core-3.9.0.tgz",
            "integrity": "sha512-QULGMOYjZLOtPf7T9T5TDPC3QIavBHPZnpolCBrgEF/whkdG21H9d1FjaJZGMJZgn/I7xycLH2GezO2q6YZ5Cw==",
            "requires": {
                "csstype": "^2.6.9"
            }
        },
        "@cryptic-css/plugin-grid": {
            "version": "3.9.0",
            "resolved": "https://registry.npmjs.org/@cryptic-css/plugin-grid/-/plugin-grid-3.9.0.tgz",
            "integrity": "sha512-oQLwSyKkbHmg86E7txELf0valJRKEA0JoWwBzpMYIZl+MJ9h4c5I6o4ipoGWuMFxaBE7cXJCGEgCIFTwOa3FdA=="
        },
        "@cryptic-css/plugin-gutter": {
            "version": "3.9.0",
            "resolved": "https://registry.npmjs.org/@cryptic-css/plugin-gutter/-/plugin-gutter-3.9.0.tgz",
            "integrity": "sha512-NrKEU25gxHEZludKPk5yWBteHdBZLRcyfanPeHvyRqQv7nQlkv+I5MVNDQ/DmcCLZBibvjqIFM1tKyFI3qDptw=="
        },
        "@cryptic-css/plugin-ratio": {
            "version": "3.9.0",
            "resolved": "https://registry.npmjs.org/@cryptic-css/plugin-ratio/-/plugin-ratio-3.9.0.tgz",
            "integrity": "sha512-PnrBCGiT6cTFdz1OUMB3DnZPznn5x7Ys4dA73g3C5bx8JIiwmKXRKHO3jzB0Z+GBRZGQj0VOy13GVnKDz4MudA=="
        },
        "@cryptic-css/prop-mid": {
            "version": "3.9.0",
            "resolved": "https://registry.npmjs.org/@cryptic-css/prop-mid/-/prop-mid-3.9.0.tgz",
            "integrity": "sha512-xVcYqREdDzTvHMf3Gtl5eVDGPi5tzQPxoNZMsZaH0Nxc7Ao6sKygm1MVFHPetXCBS4PwLf9v98hvV37n4q5N1g=="
        },
        "@cryptic-css/prop-mq": {
            "version": "3.9.0",
            "resolved": "https://registry.npmjs.org/@cryptic-css/prop-mq/-/prop-mq-3.9.0.tgz",
            "integrity": "sha512-ce18i50Y1jXlsnuolyO5AQZsZOsiWziDNT+1GN2pDQOQs+BO48e5hbl+XFQ5rHxyaIdZ5mHWh9qNUCPbAETpSA==",
            "requires": {
                "@w11r/use-breakpoint": "^1.4.0"
            }
        },
        "@cryptic-css/prop-scroll": {
            "version": "3.9.0",
            "resolved": "https://registry.npmjs.org/@cryptic-css/prop-scroll/-/prop-scroll-3.9.0.tgz",
            "integrity": "sha512-XgHGP2kIFOLSRtt0dBg94xJ4KHit4O2/ECjMLWQgNwzoKliBGe/EzcnHv2VbWzhScSfQ7iqDQupaiYWjWqfqCw=="
        },
        "@w11r/use-breakpoint": {
            "version": "1.6.0",
            "resolved": "https://registry.npmjs.org/@w11r/use-breakpoint/-/use-breakpoint-1.6.0.tgz",
            "integrity": "sha512-qJzo5daKdCwRgYJir8CvtzZnVOv94NRE7ve5VBE54hjVqqpIWYfW45gZjd86nvWb6ItSzfqsuCwaf/kdbke3jw=="
        },
        "csstype": {
            "version": "2.6.10",
            "resolved": "https://registry.npmjs.org/csstype/-/csstype-2.6.10.tgz",
            "integrity": "sha512-D34BqZU4cIlMCY93rZHbrq9pjTAQJ3U8S8rfBqjwHxkGPThWFjzZDQpgMJY0QViLxth6ZKYiwFBo14RdN44U/w=="
        }
    }
}
