{
    "name": "ccss",
    "version": "3.9.0",
    "lockfileVersion": 1,
    "requires": true,
    "dependencies": {
        "@cryptic-css/core": {
            "version": "3.8.0",
            "resolved": "https://registry.npmjs.org/@cryptic-css/core/-/core-3.8.0.tgz",
            "integrity": "sha512-nb9oXXjRam2YLEA74qT/Ift8bsbJoho4ZI5DsvC/0t8C9jdS9BLOkpdIdBZCXw3Kxs7WMr73JcDeBtbPiF2dLA==",
            "requires": {
                "csstype": "^2.6.9"
            }
        },
        "@cryptic-css/plugin-grid": {
            "version": "3.8.0",
            "resolved": "https://registry.npmjs.org/@cryptic-css/plugin-grid/-/plugin-grid-3.8.0.tgz",
            "integrity": "sha512-Pm6FG1f5OqS/40VNosaF7bJcJLp4lQ4TN7IEQu7L40HrL3Ov7+H/fleYN8wzbNDtSLHDOg3wlG64Edwq3rh6jw=="
        },
        "@cryptic-css/plugin-gutter": {
            "version": "3.8.0",
            "resolved": "https://registry.npmjs.org/@cryptic-css/plugin-gutter/-/plugin-gutter-3.8.0.tgz",
            "integrity": "sha512-Krd2kNdl+2nztE9gYU0ERpKZG69JXJFZVKQBCMJX8TFAhj7cvMo0e0z6y63iotNkrYEvp+bxL8kbQQt41GIfnw=="
        },
        "@cryptic-css/plugin-ratio": {
            "version": "3.8.0",
            "resolved": "https://registry.npmjs.org/@cryptic-css/plugin-ratio/-/plugin-ratio-3.8.0.tgz",
            "integrity": "sha512-4fxNmT48btUZh9PVVV/tXoBRHUGutEAC/piXTd8Klo4PVLbYFfdvvzMmQozZQQTWAqyhZ8IzHdETlbUaMnss7Q=="
        },
        "@cryptic-css/prop-mid": {
            "version": "3.8.0",
            "resolved": "https://registry.npmjs.org/@cryptic-css/prop-mid/-/prop-mid-3.8.0.tgz",
            "integrity": "sha512-Gvz8FGQeD1bUSFxySArV2nb/EODyYKJTVwfIv+SWAhA6Uc7QHnyEjWn/KASFQUF+58MPKTHc5+a+RAtSq+wZhg=="
        },
        "@cryptic-css/prop-mq": {
            "version": "3.8.0",
            "resolved": "https://registry.npmjs.org/@cryptic-css/prop-mq/-/prop-mq-3.8.0.tgz",
            "integrity": "sha512-FkzaJqP2Hn84t7b2sGsZpVRghwM5KjDwTAZRFlWVSiS/EmWNhAa4u/GDJKgrUyAfzcZEBpLIKMS/ZKPT1DjIQw==",
            "requires": {
                "@w11r/use-breakpoint": "^1.4.0"
            }
        },
        "@cryptic-css/prop-scroll": {
            "version": "3.8.0",
            "resolved": "https://registry.npmjs.org/@cryptic-css/prop-scroll/-/prop-scroll-3.8.0.tgz",
            "integrity": "sha512-JJpSbah1hanWwe9E36lF3si7Af7npnFdY7ElnSeGwpa+NMIrFABncnZSGIGYeG6QxojjyjxRvvMt1X8Ft5PLSQ=="
        },
        "@w11r/use-breakpoint": {
            "version": "1.5.0",
            "resolved": "https://registry.npmjs.org/@w11r/use-breakpoint/-/use-breakpoint-1.5.0.tgz",
            "integrity": "sha512-9AiZzNPkCtoQHkBzceNJyKR6adXN41R0UMvTj6VppCwKp7Q/00qqLB1Qz+FGiV7Hx6rJY5GAMpZ9wQsdVBBSww=="
        },
        "csstype": {
            "version": "2.6.10",
            "resolved": "https://registry.npmjs.org/csstype/-/csstype-2.6.10.tgz",
            "integrity": "sha512-D34BqZU4cIlMCY93rZHbrq9pjTAQJ3U8S8rfBqjwHxkGPThWFjzZDQpgMJY0QViLxth6ZKYiwFBo14RdN44U/w=="
        }
    }
}
