{
    "name": "@cryptic-css/plugin-grid",
    "version": "3.8.0",
    "lockfileVersion": 1,
    "requires": true,
    "dependencies": {
        "@cryptic-css/core": {
            "version": "3.7.0",
            "resolved": "https://registry.npmjs.org/@cryptic-css/core/-/core-3.7.0.tgz",
            "integrity": "sha512-2Q2v+RZI4LBuWBtPkDNH9LPyvRtXzh0pE1f6/O8fY7S25OEpyxOYGt8kgh1CZdDuxXQOTouzds/kdx8kcS/7cQ==",
            "dev": true,
            "requires": {
                "csstype": "^2.6.9"
            }
        },
        "csstype": {
            "version": "2.6.10",
            "resolved": "https://registry.npmjs.org/csstype/-/csstype-2.6.10.tgz",
            "integrity": "sha512-D34BqZU4cIlMCY93rZHbrq9pjTAQJ3U8S8rfBqjwHxkGPThWFjzZDQpgMJY0QViLxth6ZKYiwFBo14RdN44U/w==",
            "dev": true
        }
    }
}
