{
    "name": "@cryptic-css/plugin-grid",
    "version": "3.10.3",
    "lockfileVersion": 1,
    "requires": true,
    "dependencies": {
        "@cryptic-css/core": {
            "version": "3.10.2",
            "resolved": "https://registry.npmjs.org/@cryptic-css/core/-/core-3.10.2.tgz",
            "integrity": "sha512-UkRvPReQ67pGzroVIYXPi2TalE6401HGCTGyl82Bb+Vfkt9rZ7GMLS34yY1+Tt3WnamiSLd+RNBM0H8N8OL1Xg==",
            "dev": true,
            "requires": {
                "csstype": "^2.6.9"
            }
        },
        "csstype": {
            "version": "2.6.13",
            "resolved": "https://registry.npmjs.org/csstype/-/csstype-2.6.13.tgz",
            "integrity": "sha512-ul26pfSQTZW8dcOnD2iiJssfXw0gdNVX9IJDH/X3K5DGPfj+fUYe3kB+swUY6BF3oZDxaID3AJt+9/ojSAE05A==",
            "dev": true
        }
    }
}
