{
    "name": "@cryptic-css/plugin-ratio",
    "version": "3.19.0",
    "lockfileVersion": 1,
    "requires": true,
    "dependencies": {
        "@cryptic-css/core": {
            "version": "3.19.0",
            "resolved": "https://registry.npmjs.org/@cryptic-css/core/-/core-3.19.0.tgz",
            "integrity": "sha512-y24YASpnrCbMsDZnnmZ6dNxyZYF7lRdrKhv3ltrYrkGeAv2wl4UcndZzCw0+VZ0RlraaTwADVvpLRruxOpjaRQ==",
            "dev": true,
            "requires": {
                "csstype": "^3.0.3"
            }
        },
        "csstype": {
            "version": "3.0.5",
            "resolved": "https://registry.npmjs.org/csstype/-/csstype-3.0.5.tgz",
            "integrity": "sha512-uVDi8LpBUKQj6sdxNaTetL6FpeCqTjOvAQuQUa/qAqq8oOd4ivkbhgnqayl0dnPal8Tb/yB1tF+gOvCBiicaiQ==",
            "dev": true
        }
    }
}
