{
    "name": "@cryptic-css/plugin-ratio",
    "version": "3.10.0",
    "lockfileVersion": 1,
    "requires": true,
    "dependencies": {
        "@cryptic-css/core": {
            "version": "3.9.2",
            "resolved": "https://registry.npmjs.org/@cryptic-css/core/-/core-3.9.2.tgz",
            "integrity": "sha512-ZTs2PV3ETJNI17FkwTirTtQ1sUqR0oJciqBZR7NsU4leQqj5eAiUDzS8f19eSv6niyNAvNDRdzLDuNsBcq+Xdw==",
            "dev": true,
            "requires": {
                "csstype": "^2.6.9"
            }
        },
        "csstype": {
            "version": "2.6.11",
            "resolved": "https://registry.npmjs.org/csstype/-/csstype-2.6.11.tgz",
            "integrity": "sha512-l8YyEC9NBkSm783PFTvh0FmJy7s5pFKrDp49ZL7zBGX3fWkO+N4EEyan1qqp8cwPLDcD0OSdyY6hAMoxp34JFw==",
            "dev": true
        }
    }
}
