{
    "name": "@cryptic-css/prop-mid",
    "version": "3.14.0",
    "lockfileVersion": 1,
    "requires": true,
    "dependencies": {
        "@cryptic-css/core": {
            "version": "3.13.0",
            "resolved": "https://registry.npmjs.org/@cryptic-css/core/-/core-3.13.0.tgz",
            "integrity": "sha512-r8SAKGWDUGOysCRXluKvd0E+rV6w7tDcKqBMTTuw7QaVVmKYxA4uCi2Qm5ieV8B3UtNU1QXdMnNVnQKdsilvGA==",
            "dev": true,
            "requires": {
                "csstype": "^3.0.3"
            }
        },
        "csstype": {
            "version": "3.0.3",
            "resolved": "https://registry.npmjs.org/csstype/-/csstype-3.0.3.tgz",
            "integrity": "sha512-jPl+wbWPOWJ7SXsWyqGRk3lGecbar0Cb0OvZF/r/ZU011R4YqiRehgkQ9p4eQfo9DSDLqLL3wHwfxeJiuIsNag==",
            "dev": true
        }
    }
}
