{
    "name": "@cryptic-css/prop-scroll",
    "version": "3.9.1",
    "lockfileVersion": 1,
    "requires": true,
    "dependencies": {
        "@cryptic-css/core": {
            "version": "3.9.0",
            "resolved": "https://registry.npmjs.org/@cryptic-css/core/-/core-3.9.0.tgz",
            "integrity": "sha512-QULGMOYjZLOtPf7T9T5TDPC3QIavBHPZnpolCBrgEF/whkdG21H9d1FjaJZGMJZgn/I7xycLH2GezO2q6YZ5Cw==",
            "dev": true,
            "requires": {
                "csstype": "^2.6.9"
            }
        },
        "csstype": {
            "version": "2.6.10",
            "resolved": "https://registry.npmjs.org/csstype/-/csstype-2.6.10.tgz",
            "integrity": "sha512-D34BqZU4cIlMCY93rZHbrq9pjTAQJ3U8S8rfBqjwHxkGPThWFjzZDQpgMJY0QViLxth6ZKYiwFBo14RdN44U/w==",
            "dev": true
        }
    }
}
